
Microsoft Visual Studio Solution File, Format Version 12.00
# Visual Studio Version 17
VisualStudioVersion = 17.7.34221.43
MinimumVisualStudioVersion = 10.0.40219.1
Project("{8BC9CEB8-8B4A-11D0-8D11-00A0C91BC942}") = "MSF_Map_Db", "MSF_Map_Db.vcxproj", "{82CB1D7E-404B-4F06-BBA9-399411EA3F96}"
EndProject
Global
	GlobalSection(SolutionConfigurationPlatforms) = preSolution
		Debug|x86 = Debug|x86
		Release|x86 = Release|x86
	EndGlobalSection
	GlobalSection(ProjectConfigurationPlatforms) = postSolution
		{82CB1D7E-404B-4F06-BBA9-399411EA3F96}.Debug|x86.ActiveCfg = Debug|Win32
		{82CB1D7E-404B-4F06-BBA9-399411EA3F96}.Debug|x86.Build.0 = Debug|Win32
		{82CB1D7E-404B-4F06-BBA9-399411EA3F96}.Release|x86.ActiveCfg = Release|Win32
		{82CB1D7E-404B-4F06-BBA9-399411EA3F96}.Release|x86.Build.0 = Release|Win32
	EndGlobalSection
	GlobalSection(SolutionProperties) = preSolution
		HideSolutionNode = FALSE
	EndGlobalSection
	GlobalSection(ExtensibilityGlobals) = postSolution
		SolutionGuid = {3C079FD8-7194-4C9A-A87A-E3B1E36748C4}
	EndGlobalSection
EndGlobal
